
Microsoft Visual Studio Solution File, Format Version 12.00
# Visual Studio Version 17
VisualStudioVersion = 17.0.31903.59
MinimumVisualStudioVersion = 10.0.40219.1
Project("{2150E333-8FDC-42A3-9474-1A3956D46DE8}") = "Source", "Source", "{BB4AF3DE-670A-49BC-98E9-679CC6F0CD9D}"
EndProject
Project("{2150E333-8FDC-42A3-9474-1A3956D46DE8}") = "Tests", "Tests", "{B4CA4218-570B-4343-9F62-BA21118D37BD}"
EndProject
Project("{2150E333-8FDC-42A3-9474-1A3956D46DE8}") = "Core", "Core", "{7D32B1C6-B393-44B1-BCE5-A1E5D1762C1B}"
EndProject
Project("{2150E333-8FDC-42A3-9474-1A3956D46DE8}") = "Core", "Core", "{52471DE6-D390-49D6-B3DC-3790FD18B3F9}"
EndProject
Project("{2150E333-8FDC-42A3-9474-1A3956D46DE8}") = "Presentation", "Presentation", "{F1BA02D5-B153-4704-99A8-2BFEC9228993}"
EndProject
Project("{2150E333-8FDC-42A3-9474-1A3956D46DE8}") = "Presentation", "Presentation", "{F44203A1-740E-471A-8AD4-CFB4DEA08C5B}"
EndProject
Project("{FAE04EC0-301F-11D3-BF4B-00C04F79EFBC}") = "Application", "Source\Core\Application\Application.csproj", "{E39116B0-4960-4332-9576-F0691F465416}"
EndProject
Project("{FAE04EC0-301F-11D3-BF4B-00C04F79EFBC}") = "Application.UnitTests", "Tests\Core\Application.UnitTests\Application.UnitTests.csproj", "{5A5D2FCC-6324-4E31-B343-1D14A6DD5D41}"
EndProject
Project("{FAE04EC0-301F-11D3-BF4B-00C04F79EFBC}") = "WebAPI.Minimal", "Source\Presentation\WebAPI.Minimal\WebAPI.Minimal.csproj", "{32970D73-3094-49BA-A810-2E77CCE3A1FF}"
EndProject
Project("{FAE04EC0-301F-11D3-BF4B-00C04F79EFBC}") = "WebAPI.Minimal.UnitTests", "Tests\Presentation\WebAPI.Minimal.UnitTests\WebAPI.Minimal.UnitTests.csproj", "{00720C06-A5C0-4D8C-B318-AC4C1F9EA48A}"
EndProject
Project("{2150E333-8FDC-42A3-9474-1A3956D46DE8}") = "Solution Items", "Solution Items", "{8EC462FD-D22E-90A8-E5CE-7E832BA40C5D}"
	ProjectSection(SolutionItems) = preProject
		.gitignore = .gitignore
		README.md = README.md
		run-sonarqube.ps1 = run-sonarqube.ps1
	EndProjectSection
EndProject
Global
	GlobalSection(SolutionConfigurationPlatforms) = preSolution
		Debug|Any CPU = Debug|Any CPU
		Release|Any CPU = Release|Any CPU
	EndGlobalSection
	GlobalSection(ProjectConfigurationPlatforms) = postSolution
		{E39116B0-4960-4332-9576-F0691F465416}.Debug|Any CPU.ActiveCfg = Debug|Any CPU
		{E39116B0-4960-4332-9576-F0691F465416}.Debug|Any CPU.Build.0 = Debug|Any CPU
		{E39116B0-4960-4332-9576-F0691F465416}.Release|Any CPU.ActiveCfg = Release|Any CPU
		{E39116B0-4960-4332-9576-F0691F465416}.Release|Any CPU.Build.0 = Release|Any CPU
		{5A5D2FCC-6324-4E31-B343-1D14A6DD5D41}.Debug|Any CPU.ActiveCfg = Debug|Any CPU
		{5A5D2FCC-6324-4E31-B343-1D14A6DD5D41}.Debug|Any CPU.Build.0 = Debug|Any CPU
		{5A5D2FCC-6324-4E31-B343-1D14A6DD5D41}.Release|Any CPU.ActiveCfg = Release|Any CPU
		{5A5D2FCC-6324-4E31-B343-1D14A6DD5D41}.Release|Any CPU.Build.0 = Release|Any CPU
		{32970D73-3094-49BA-A810-2E77CCE3A1FF}.Debug|Any CPU.ActiveCfg = Debug|Any CPU
		{32970D73-3094-49BA-A810-2E77CCE3A1FF}.Debug|Any CPU.Build.0 = Debug|Any CPU
		{32970D73-3094-49BA-A810-2E77CCE3A1FF}.Release|Any CPU.ActiveCfg = Release|Any CPU
		{32970D73-3094-49BA-A810-2E77CCE3A1FF}.Release|Any CPU.Build.0 = Release|Any CPU
		{00720C06-A5C0-4D8C-B318-AC4C1F9EA48A}.Debug|Any CPU.ActiveCfg = Debug|Any CPU
		{00720C06-A5C0-4D8C-B318-AC4C1F9EA48A}.Debug|Any CPU.Build.0 = Debug|Any CPU
		{00720C06-A5C0-4D8C-B318-AC4C1F9EA48A}.Release|Any CPU.ActiveCfg = Release|Any CPU
		{00720C06-A5C0-4D8C-B318-AC4C1F9EA48A}.Release|Any CPU.Build.0 = Release|Any CPU
	EndGlobalSection
	GlobalSection(SolutionProperties) = preSolution
		HideSolutionNode = FALSE
	EndGlobalSection
	GlobalSection(NestedProjects) = preSolution
		{7D32B1C6-B393-44B1-BCE5-A1E5D1762C1B} = {BB4AF3DE-670A-49BC-98E9-679CC6F0CD9D}
		{52471DE6-D390-49D6-B3DC-3790FD18B3F9} = {B4CA4218-570B-4343-9F62-BA21118D37BD}
		{F1BA02D5-B153-4704-99A8-2BFEC9228993} = {B4CA4218-570B-4343-9F62-BA21118D37BD}
		{F44203A1-740E-471A-8AD4-CFB4DEA08C5B} = {BB4AF3DE-670A-49BC-98E9-679CC6F0CD9D}
		{E39116B0-4960-4332-9576-F0691F465416} = {7D32B1C6-B393-44B1-BCE5-A1E5D1762C1B}
		{5A5D2FCC-6324-4E31-B343-1D14A6DD5D41} = {52471DE6-D390-49D6-B3DC-3790FD18B3F9}
		{32970D73-3094-49BA-A810-2E77CCE3A1FF} = {F44203A1-740E-471A-8AD4-CFB4DEA08C5B}
		{00720C06-A5C0-4D8C-B318-AC4C1F9EA48A} = {F1BA02D5-B153-4704-99A8-2BFEC9228993}
	EndGlobalSection
	GlobalSection(ExtensibilityGlobals) = postSolution
		SolutionGuid = {3C79F92E-B9F8-479D-A267-D0153A23C115}
	EndGlobalSection
EndGlobal
